
Microsoft Visual Studio Solution File, Format Version 12.00
# Visual Studio Version 17
VisualStudioVersion = 17.4.33213.308
MinimumVisualStudioVersion = 10.0.40219.1
Project("{FAE04EC0-301F-11D3-BF4B-00C04F79EFBC}") = "M8.T1", "M8.T1.csproj", "{C9DE63EF-82D5-4F49-A157-5E1FD5B7612F}"
EndProject
Global
	GlobalSection(SolutionConfigurationPlatforms) = preSolution
		Debug|Any CPU = Debug|Any CPU
		Release|Any CPU = Release|Any CPU
	EndGlobalSection
	GlobalSection(ProjectConfigurationPlatforms) = postSolution
		{C9DE63EF-82D5-4F49-A157-5E1FD5B7612F}.Debug|Any CPU.ActiveCfg = Debug|Any CPU
		{C9DE63EF-82D5-4F49-A157-5E1FD5B7612F}.Debug|Any CPU.Build.0 = Debug|Any CPU
		{C9DE63EF-82D5-4F49-A157-5E1FD5B7612F}.Release|Any CPU.ActiveCfg = Release|Any CPU
		{C9DE63EF-82D5-4F49-A157-5E1FD5B7612F}.Release|Any CPU.Build.0 = Release|Any CPU
	EndGlobalSection
	GlobalSection(SolutionProperties) = preSolution
		HideSolutionNode = FALSE
	EndGlobalSection
	GlobalSection(ExtensibilityGlobals) = postSolution
		SolutionGuid = {EBEDE788-154D-4DF7-98D8-5AC259C711D7}
	EndGlobalSection
EndGlobal
